<?xml version="1.0" encoding="utf-8"?>
<Project ToolsVersion="4.0" xmlns="http://schemas.microsoft.com/developer/msbuild/2003">
  <ItemGroup>
    <Filter Include="Source Files">
      <UniqueIdentifier>{4FC737F1-C7A5-4376-A066-2A32D752A2FF}</UniqueIdentifier>
      <Extensions>cpp;c;cc;cxx;def;odl;idl;hpj;bat;asm;asmx</Extensions>
    </Filter>
    <Filter Include="Header Files">
      <UniqueIdentifier>{93995380-89BD-4b04-88EB-625FBE52EBFB}</UniqueIdentifier>
      <Extensions>h;hpp;hxx;hm;inl;inc;xsd</Extensions>
    </Filter>
    <Filter Include="Resource Files">
      <UniqueIdentifier>{67DA6AB6-F800-4c08-8B7A-83BB121AAD01}</UniqueIdentifier>
      <Extensions>rc;ico;cur;bmp;dlg;rc2;rct;bin;rgs;gif;jpg;jpeg;jpe;resx;tga;tiff;tif;png;wav;mfcribbon-ms</Extensions>
    </Filter>
  </ItemGroup>
  <ItemGroup>
    <ClCompile Include="..\common\carray.cpp">
      <Filter>Source Files</Filter>
    </ClCompile>
    <ClCompile Include="..\common\ccrypt.cpp">
      <Filter>Source Files</Filter>
    </ClCompile>
    <ClCompile Include="..\common\cexpression.cpp">
      <Filter>Source Files</Filter>
    </ClCompile>
    <ClCompile Include="..\common\cfile.cpp">
      <Filter>Source Files</Filter>
    </ClCompile>
    <ClCompile Include="..\common\cfilelist.cpp">
      <Filter>Source Files</Filter>
    </ClCompile>
    <ClCompile Include="..\common\cGrayData.cpp">
      <Filter>Source Files</Filter>
    </ClCompile>
    <ClCompile Include="..\common\cgrayinst.cpp">
      <Filter>Source Files</Filter>
    </ClCompile>
    <ClCompile Include="..\common\cGrayMap.cpp">
      <Filter>Source Files</Filter>
    </ClCompile>
    <ClCompile Include="..\common\cregion.cpp">
      <Filter>Source Files</Filter>
    </ClCompile>
    <ClCompile Include="..\common\cscript.cpp">
      <Filter>Source Files</Filter>
    </ClCompile>
    <ClCompile Include="..\common\cstring.cpp">
      <Filter>Source Files</Filter>
    </ClCompile>
    <ClCompile Include="..\common\graycom.cpp">
      <Filter>Source Files</Filter>
    </ClCompile>
    <ClCompile Include="CAccount.cpp">
      <Filter>Source Files</Filter>
    </ClCompile>
    <ClCompile Include="CBackTask.cpp">
      <Filter>Source Files</Filter>
    </ClCompile>
    <ClCompile Include="cbase.cpp">
      <Filter>Source Files</Filter>
    </ClCompile>
    <ClCompile Include="CChar.cpp">
      <Filter>Source Files</Filter>
    </ClCompile>
    <ClCompile Include="CCharBase.cpp">
      <Filter>Source Files</Filter>
    </ClCompile>
    <ClCompile Include="CCharFight.cpp">
      <Filter>Source Files</Filter>
    </ClCompile>
    <ClCompile Include="CCharNPC.cpp">
      <Filter>Source Files</Filter>
    </ClCompile>
    <ClCompile Include="CCharNPCAct.cpp">
      <Filter>Source Files</Filter>
    </ClCompile>
    <ClCompile Include="CCharNPCFood.cpp">
      <Filter>Source Files</Filter>
    </ClCompile>
    <ClCompile Include="CCharNPCPet.cpp">
      <Filter>Source Files</Filter>
    </ClCompile>
    <ClCompile Include="CCharNPCStatus.cpp">
      <Filter>Source Files</Filter>
    </ClCompile>
    <ClCompile Include="ccharskill.cpp">
      <Filter>Source Files</Filter>
    </ClCompile>
    <ClCompile Include="CCharStatus.cpp">
      <Filter>Source Files</Filter>
    </ClCompile>
    <ClCompile Include="ccharuse.cpp">
      <Filter>Source Files</Filter>
    </ClCompile>
    <ClCompile Include="CChat.cpp">
      <Filter>Source Files</Filter>
    </ClCompile>
    <ClCompile Include="CClient.cpp">
      <Filter>Source Files</Filter>
    </ClCompile>
    <ClCompile Include="cclientevent.cpp">
      <Filter>Source Files</Filter>
    </ClCompile>
    <ClCompile Include="CClientLog.cpp">
      <Filter>Source Files</Filter>
    </ClCompile>
    <ClCompile Include="CClientMsg.cpp">
      <Filter>Source Files</Filter>
    </ClCompile>
    <ClCompile Include="cclienttarg.cpp">
      <Filter>Source Files</Filter>
    </ClCompile>
    <ClCompile Include="CContain.cpp">
      <Filter>Source Files</Filter>
    </ClCompile>
    <ClCompile Include="cfragment.cpp">
      <Filter>Source Files</Filter>
    </ClCompile>
    <ClCompile Include="CItem.cpp">
      <Filter>Source Files</Filter>
    </ClCompile>
    <ClCompile Include="CItemBase.cpp">
      <Filter>Source Files</Filter>
    </ClCompile>
    <ClCompile Include="CItemSp.cpp">
      <Filter>Source Files</Filter>
    </ClCompile>
    <ClCompile Include="CItemStone.cpp">
      <Filter>Source Files</Filter>
    </ClCompile>
    <ClCompile Include="CMail.cpp">
      <Filter>Source Files</Filter>
    </ClCompile>
    <ClCompile Include="CParty.cpp">
      <Filter>Source Files</Filter>
    </ClCompile>
    <ClCompile Include="csector.cpp">
      <Filter>Source Files</Filter>
    </ClCompile>
    <ClCompile Include="CServer.cpp">
      <Filter>Source Files</Filter>
    </ClCompile>
    <ClCompile Include="cvendoritem.cpp">
      <Filter>Source Files</Filter>
    </ClCompile>
    <ClCompile Include="CWorld.cpp">
      <Filter>Source Files</Filter>
    </ClCompile>
    <ClCompile Include="CWorldStorageMySQL.cpp">
      <Filter>Source Files</Filter>
    </ClCompile>
    <ClCompile Include="CVarDefMap.cpp">
      <Filter>Source Files</Filter>
    </ClCompile>
    <ClCompile Include="cworldimport.cpp">
      <Filter>Source Files</Filter>
    </ClCompile>
    <ClCompile Include="cworldmap.cpp">
      <Filter>Source Files</Filter>
    </ClCompile>
    <ClCompile Include="graysvr.cpp">
      <Filter>Source Files</Filter>
    </ClCompile>
    <ClCompile Include="Storage\Database.cpp">
      <Filter>Source Files</Filter>
    </ClCompile>
    <ClCompile Include="Storage\MySql\MySqlConnection.cpp">
      <Filter>Source Files</Filter>
    </ClCompile>
    <ClCompile Include="ntservice.cpp">
      <Filter>Source Files</Filter>
    </ClCompile>
    <ClCompile Include="ntwindow.cpp">
      <Filter>Source Files</Filter>
    </ClCompile>
  </ItemGroup>
  <ItemGroup>
    <ClInclude Include="..\common\carray.h">
      <Filter>Header Files</Filter>
    </ClInclude>
    <ClInclude Include="..\common\cassoc.h">
      <Filter>Header Files</Filter>
    </ClInclude>
    <ClInclude Include="..\common\cexpression.h">
      <Filter>Header Files</Filter>
    </ClInclude>
    <ClInclude Include="..\common\cfile.h">
      <Filter>Header Files</Filter>
    </ClInclude>
    <ClInclude Include="..\common\cgrayinst.h">
      <Filter>Header Files</Filter>
    </ClInclude>
    <ClInclude Include="..\common\cGrayMap.h">
      <Filter>Header Files</Filter>
    </ClInclude>
    <ClInclude Include="..\common\common.h">
      <Filter>Header Files</Filter>
    </ClInclude>
    <ClInclude Include="..\common\cregion.h">
      <Filter>Header Files</Filter>
    </ClInclude>
    <ClInclude Include="..\common\cscript.h">
      <Filter>Header Files</Filter>
    </ClInclude>
    <ClInclude Include="..\common\cstring.h">
      <Filter>Header Files</Filter>
    </ClInclude>
    <ClInclude Include="..\common\graybase.h">
      <Filter>Header Files</Filter>
    </ClInclude>
    <ClInclude Include="..\common\graycom.h">
      <Filter>Header Files</Filter>
    </ClInclude>
    <ClInclude Include="..\common\graymul.h">
      <Filter>Header Files</Filter>
    </ClInclude>
    <ClInclude Include="..\common\grayproto.h">
      <Filter>Header Files</Filter>
    </ClInclude>
    <ClInclude Include="CParty.h">
      <Filter>Header Files</Filter>
    </ClInclude>
    <ClInclude Include="CWorldStorageMySQL.h">
      <Filter>Header Files</Filter>
    </ClInclude>
    <ClInclude Include="Storage\Database.h">
      <Filter>Header Files</Filter>
    </ClInclude>
    <ClInclude Include="Storage\MySql\MySqlConnection.h">
      <Filter>Header Files</Filter>
    </ClInclude>
    <ClInclude Include="CVarDefMap.h">
      <Filter>Header Files</Filter>
    </ClInclude>
    <ClInclude Include="graysvr.h">
      <Filter>Header Files</Filter>
    </ClInclude>
  </ItemGroup>
  <ItemGroup>
    <ResourceCompile Include="graysvr.rc">
      <Filter>Resource Files</Filter>
    </ResourceCompile>
    <Image Include="GraySvr.ico">
      <Filter>Resource Files</Filter>
    </Image>
    <Image Include="spheresvr.ico">
      <Filter>Resource Files</Filter>
    </Image>
    <Image Include="TUSSvr.ico">
      <Filter>Resource Files</Filter>
    </Image>
    <Image Include="TusSvr2.ico">
      <Filter>Resource Files</Filter>
    </Image>
  </ItemGroup>
</Project>
